
Microsoft Visual Studio Solution File, Format Version 12.00
# Visual Studio Version 16
VisualStudioVersion = 16.0.31105.61
MinimumVisualStudioVersion = 10.0.40219.1
Project("{9A19103F-16F7-4668-BE54-9A1E7A4F7556}") = "OdeToFood", "OdeToFood\OdeToFood.csproj", "{BFF91355-4381-415D-8B69-F7B59CEB8D16}"
EndProject
Project("{9A19103F-16F7-4668-BE54-9A1E7A4F7556}") = "OdeToFood.Core", "OdeToFood.Core\OdeToFood.Core.csproj", "{E1E3C9AA-C449-4765-9EFE-B412206E6A98}"
EndProject
Project("{9A19103F-16F7-4668-BE54-9A1E7A4F7556}") = "OdeToFood.Data", "OdeToFood.Data\OdeToFood.Data.csproj", "{AC43BA08-ED39-4349-8051-A94C612B4F5C}"
EndProject
Project("{2150E333-8FDC-42A3-9474-1A3956D46DE8}") = "Solution Items", "Solution Items", "{8E1929A0-CB9E-4F1C-9DDB-00FE17CFCB34}"
	ProjectSection(SolutionItems) = preProject
		.editorconfig = .editorconfig
	EndProjectSection
EndProject
Global
	GlobalSection(SolutionConfigurationPlatforms) = preSolution
		Debug|Any CPU = Debug|Any CPU
		Release|Any CPU = Release|Any CPU
	EndGlobalSection
	GlobalSection(ProjectConfigurationPlatforms) = postSolution
		{BFF91355-4381-415D-8B69-F7B59CEB8D16}.Debug|Any CPU.ActiveCfg = Debug|Any CPU
		{BFF91355-4381-415D-8B69-F7B59CEB8D16}.Debug|Any CPU.Build.0 = Debug|Any CPU
		{BFF91355-4381-415D-8B69-F7B59CEB8D16}.Release|Any CPU.ActiveCfg = Release|Any CPU
		{BFF91355-4381-415D-8B69-F7B59CEB8D16}.Release|Any CPU.Build.0 = Release|Any CPU
		{E1E3C9AA-C449-4765-9EFE-B412206E6A98}.Debug|Any CPU.ActiveCfg = Debug|Any CPU
		{E1E3C9AA-C449-4765-9EFE-B412206E6A98}.Debug|Any CPU.Build.0 = Debug|Any CPU
		{E1E3C9AA-C449-4765-9EFE-B412206E6A98}.Release|Any CPU.ActiveCfg = Release|Any CPU
		{E1E3C9AA-C449-4765-9EFE-B412206E6A98}.Release|Any CPU.Build.0 = Release|Any CPU
		{AC43BA08-ED39-4349-8051-A94C612B4F5C}.Debug|Any CPU.ActiveCfg = Debug|Any CPU
		{AC43BA08-ED39-4349-8051-A94C612B4F5C}.Debug|Any CPU.Build.0 = Debug|Any CPU
		{AC43BA08-ED39-4349-8051-A94C612B4F5C}.Release|Any CPU.ActiveCfg = Release|Any CPU
		{AC43BA08-ED39-4349-8051-A94C612B4F5C}.Release|Any CPU.Build.0 = Release|Any CPU
	EndGlobalSection
	GlobalSection(SolutionProperties) = preSolution
		HideSolutionNode = FALSE
	EndGlobalSection
	GlobalSection(ExtensibilityGlobals) = postSolution
		SolutionGuid = {FB70CDD6-B428-4566-AE9C-D339B6066576}
	EndGlobalSection
EndGlobal
